
Microsoft Visual Studio Solution File, Format Version 12.00
# Visual Studio 15
VisualStudioVersion = 15.0.28010.2041
MinimumVisualStudioVersion = 10.0.40219.1
Project("{8BC9CEB8-8B4A-11D0-8D11-00A0C91BC942}") = "niujiao", "niujiao\niujiao.vcxproj", "{E5BBF8FE-6031-4670-8344-8C4C2554EE8C}"
	ProjectSection(ProjectDependencies) = postProject
		{618C07CB-3968-4EC6-AF74-67C5AB57F6C3} = {618C07CB-3968-4EC6-AF74-67C5AB57F6C3}
		{CF7AC3D1-E2DF-41D2-BEA6-1E2556CDEA26} = {CF7AC3D1-E2DF-41D2-BEA6-1E2556CDEA26}
	EndProjectSection
EndProject
Project("{8BC9CEB8-8B4A-11D0-8D11-00A0C91BC942}") = "DuiLib_Static", "DuiLib\DuiLib_Static.vcxproj", "{618C07CB-3968-4EC6-AF74-67C5AB57F6C3}"
EndProject
Project("{8BC9CEB8-8B4A-11D0-8D11-00A0C91BC942}") = "python_static", "Python\pythoncore.vcxproj", "{CF7AC3D1-E2DF-41D2-BEA6-1E2556CDEA26}"
EndProject
Project("{8BC9CEB8-8B4A-11D0-8D11-00A0C91BC942}") = "vt_driver", "vt_driver\vt_driver.vcxproj", "{60D90547-E744-4EEC-9213-478C5B91CF19}"
EndProject
Project("{8BC9CEB8-8B4A-11D0-8D11-00A0C91BC942}") = "vt_lib_64", "intel64\intel64.vcxproj", "{14DFE42A-C3F2-4373-8307-D8C22494D58B}"
EndProject
Project("{8BC9CEB8-8B4A-11D0-8D11-00A0C91BC942}") = "vt_lib_32", "intel32\intel32.vcxproj", "{5498301C-1411-4D6A-8667-5029AD7EE667}"
EndProject
Global
	GlobalSection(SolutionConfigurationPlatforms) = preSolution
		Debug|ARM = Debug|ARM
		Debug|ARM64 = Debug|ARM64
		Debug|x64 = Debug|x64
		Debug|x86 = Debug|x86
		PGInstrument|ARM = PGInstrument|ARM
		PGInstrument|ARM64 = PGInstrument|ARM64
		PGInstrument|x64 = PGInstrument|x64
		PGInstrument|x86 = PGInstrument|x86
		PGUpdate|ARM = PGUpdate|ARM
		PGUpdate|ARM64 = PGUpdate|ARM64
		PGUpdate|x64 = PGUpdate|x64
		PGUpdate|x86 = PGUpdate|x86
		Release|ARM = Release|ARM
		Release|ARM64 = Release|ARM64
		Release|x64 = Release|x64
		Release|x86 = Release|x86
		UnicodeDebug|ARM = UnicodeDebug|ARM
		UnicodeDebug|ARM64 = UnicodeDebug|ARM64
		UnicodeDebug|x64 = UnicodeDebug|x64
		UnicodeDebug|x86 = UnicodeDebug|x86
		UnicodeRelease|ARM = UnicodeRelease|ARM
		UnicodeRelease|ARM64 = UnicodeRelease|ARM64
		UnicodeRelease|x64 = UnicodeRelease|x64
		UnicodeRelease|x86 = UnicodeRelease|x86
	EndGlobalSection
	GlobalSection(ProjectConfigurationPlatforms) = postSolution
		{E5BBF8FE-6031-4670-8344-8C4C2554EE8C}.Debug|ARM.ActiveCfg = Debug|Win32
		{E5BBF8FE-6031-4670-8344-8C4C2554EE8C}.Debug|ARM64.ActiveCfg = Debug|Win32
		{E5BBF8FE-6031-4670-8344-8C4C2554EE8C}.Debug|x64.ActiveCfg = Debug|x64
		{E5BBF8FE-6031-4670-8344-8C4C2554EE8C}.Debug|x64.Build.0 = Debug|x64
		{E5BBF8FE-6031-4670-8344-8C4C2554EE8C}.Debug|x86.ActiveCfg = Debug|Win32
		{E5BBF8FE-6031-4670-8344-8C4C2554EE8C}.Debug|x86.Build.0 = Debug|Win32
		{E5BBF8FE-6031-4670-8344-8C4C2554EE8C}.PGInstrument|ARM.ActiveCfg = Release|Win32
		{E5BBF8FE-6031-4670-8344-8C4C2554EE8C}.PGInstrument|ARM.Build.0 = Release|Win32
		{E5BBF8FE-6031-4670-8344-8C4C2554EE8C}.PGInstrument|ARM64.ActiveCfg = Release|Win32
		{E5BBF8FE-6031-4670-8344-8C4C2554EE8C}.PGInstrument|ARM64.Build.0 = Release|Win32
		{E5BBF8FE-6031-4670-8344-8C4C2554EE8C}.PGInstrument|x64.ActiveCfg = Release|x64
		{E5BBF8FE-6031-4670-8344-8C4C2554EE8C}.PGInstrument|x64.Build.0 = Release|x64
		{E5BBF8FE-6031-4670-8344-8C4C2554EE8C}.PGInstrument|x86.ActiveCfg = Release|Win32
		{E5BBF8FE-6031-4670-8344-8C4C2554EE8C}.PGInstrument|x86.Build.0 = Release|Win32
		{E5BBF8FE-6031-4670-8344-8C4C2554EE8C}.PGUpdate|ARM.ActiveCfg = Release|Win32
		{E5BBF8FE-6031-4670-8344-8C4C2554EE8C}.PGUpdate|ARM.Build.0 = Release|Win32
		{E5BBF8FE-6031-4670-8344-8C4C2554EE8C}.PGUpdate|ARM64.ActiveCfg = Release|Win32
		{E5BBF8FE-6031-4670-8344-8C4C2554EE8C}.PGUpdate|ARM64.Build.0 = Release|Win32
		{E5BBF8FE-6031-4670-8344-8C4C2554EE8C}.PGUpdate|x64.ActiveCfg = Release|x64
		{E5BBF8FE-6031-4670-8344-8C4C2554EE8C}.PGUpdate|x64.Build.0 = Release|x64
		{E5BBF8FE-6031-4670-8344-8C4C2554EE8C}.PGUpdate|x86.ActiveCfg = Release|Win32
		{E5BBF8FE-6031-4670-8344-8C4C2554EE8C}.PGUpdate|x86.Build.0 = Release|Win32
		{E5BBF8FE-6031-4670-8344-8C4C2554EE8C}.Release|ARM.ActiveCfg = Release|Win32
		{E5BBF8FE-6031-4670-8344-8C4C2554EE8C}.Release|ARM64.ActiveCfg = Release|Win32
		{E5BBF8FE-6031-4670-8344-8C4C2554EE8C}.Release|x64.ActiveCfg = Release|x64
		{E5BBF8FE-6031-4670-8344-8C4C2554EE8C}.Release|x64.Build.0 = Release|x64
		{E5BBF8FE-6031-4670-8344-8C4C2554EE8C}.Release|x86.ActiveCfg = Release|Win32
		{E5BBF8FE-6031-4670-8344-8C4C2554EE8C}.Release|x86.Build.0 = Release|Win32
		{E5BBF8FE-6031-4670-8344-8C4C2554EE8C}.UnicodeDebug|ARM.ActiveCfg = Release|Win32
		{E5BBF8FE-6031-4670-8344-8C4C2554EE8C}.UnicodeDebug|ARM.Build.0 = Release|Win32
		{E5BBF8FE-6031-4670-8344-8C4C2554EE8C}.UnicodeDebug|ARM64.ActiveCfg = Release|Win32
		{E5BBF8FE-6031-4670-8344-8C4C2554EE8C}.UnicodeDebug|ARM64.Build.0 = Release|Win32
		{E5BBF8FE-6031-4670-8344-8C4C2554EE8C}.UnicodeDebug|x64.ActiveCfg = Debug|x64
		{E5BBF8FE-6031-4670-8344-8C4C2554EE8C}.UnicodeDebug|x64.Build.0 = Debug|x64
		{E5BBF8FE-6031-4670-8344-8C4C2554EE8C}.UnicodeDebug|x86.ActiveCfg = Debug|Win32
		{E5BBF8FE-6031-4670-8344-8C4C2554EE8C}.UnicodeDebug|x86.Build.0 = Debug|Win32
		{E5BBF8FE-6031-4670-8344-8C4C2554EE8C}.UnicodeRelease|ARM.ActiveCfg = Release|Win32
		{E5BBF8FE-6031-4670-8344-8C4C2554EE8C}.UnicodeRelease|ARM.Build.0 = Release|Win32
		{E5BBF8FE-6031-4670-8344-8C4C2554EE8C}.UnicodeRelease|ARM64.ActiveCfg = Release|Win32
		{E5BBF8FE-6031-4670-8344-8C4C2554EE8C}.UnicodeRelease|ARM64.Build.0 = Release|Win32
		{E5BBF8FE-6031-4670-8344-8C4C2554EE8C}.UnicodeRelease|x64.ActiveCfg = Release|x64
		{E5BBF8FE-6031-4670-8344-8C4C2554EE8C}.UnicodeRelease|x64.Build.0 = Release|x64
		{E5BBF8FE-6031-4670-8344-8C4C2554EE8C}.UnicodeRelease|x86.ActiveCfg = Release|Win32
		{E5BBF8FE-6031-4670-8344-8C4C2554EE8C}.UnicodeRelease|x86.Build.0 = Release|Win32
		{618C07CB-3968-4EC6-AF74-67C5AB57F6C3}.Debug|ARM.ActiveCfg = Debug|Win32
		{618C07CB-3968-4EC6-AF74-67C5AB57F6C3}.Debug|ARM64.ActiveCfg = Debug|Win32
		{618C07CB-3968-4EC6-AF74-67C5AB57F6C3}.Debug|x64.ActiveCfg = Debug|Win32
		{618C07CB-3968-4EC6-AF74-67C5AB57F6C3}.Debug|x86.ActiveCfg = Debug|Win32
		{618C07CB-3968-4EC6-AF74-67C5AB57F6C3}.Debug|x86.Build.0 = Debug|Win32
		{618C07CB-3968-4EC6-AF74-67C5AB57F6C3}.PGInstrument|ARM.ActiveCfg = UnicodeDebug|Win32
		{618C07CB-3968-4EC6-AF74-67C5AB57F6C3}.PGInstrument|ARM.Build.0 = UnicodeDebug|Win32
		{618C07CB-3968-4EC6-AF74-67C5AB57F6C3}.PGInstrument|ARM64.ActiveCfg = UnicodeDebug|Win32
		{618C07CB-3968-4EC6-AF74-67C5AB57F6C3}.PGInstrument|ARM64.Build.0 = UnicodeDebug|Win32
		{618C07CB-3968-4EC6-AF74-67C5AB57F6C3}.PGInstrument|x64.ActiveCfg = UnicodeRelease|Win32
		{618C07CB-3968-4EC6-AF74-67C5AB57F6C3}.PGInstrument|x64.Build.0 = UnicodeRelease|Win32
		{618C07CB-3968-4EC6-AF74-67C5AB57F6C3}.PGInstrument|x86.ActiveCfg = UnicodeRelease|Win32
		{618C07CB-3968-4EC6-AF74-67C5AB57F6C3}.PGInstrument|x86.Build.0 = UnicodeRelease|Win32
		{618C07CB-3968-4EC6-AF74-67C5AB57F6C3}.PGUpdate|ARM.ActiveCfg = UnicodeDebug|Win32
		{618C07CB-3968-4EC6-AF74-67C5AB57F6C3}.PGUpdate|ARM.Build.0 = UnicodeDebug|Win32
		{618C07CB-3968-4EC6-AF74-67C5AB57F6C3}.PGUpdate|ARM64.ActiveCfg = UnicodeDebug|Win32
		{618C07CB-3968-4EC6-AF74-67C5AB57F6C3}.PGUpdate|ARM64.Build.0 = UnicodeDebug|Win32
		{618C07CB-3968-4EC6-AF74-67C5AB57F6C3}.PGUpdate|x64.ActiveCfg = UnicodeRelease|Win32
		{618C07CB-3968-4EC6-AF74-67C5AB57F6C3}.PGUpdate|x64.Build.0 = UnicodeRelease|Win32
		{618C07CB-3968-4EC6-AF74-67C5AB57F6C3}.PGUpdate|x86.ActiveCfg = UnicodeRelease|Win32
		{618C07CB-3968-4EC6-AF74-67C5AB57F6C3}.PGUpdate|x86.Build.0 = UnicodeRelease|Win32
		{618C07CB-3968-4EC6-AF74-67C5AB57F6C3}.Release|ARM.ActiveCfg = Release|Win32
		{618C07CB-3968-4EC6-AF74-67C5AB57F6C3}.Release|ARM64.ActiveCfg = Release|Win32
		{618C07CB-3968-4EC6-AF74-67C5AB57F6C3}.Release|x64.ActiveCfg = Release|Win32
		{618C07CB-3968-4EC6-AF74-67C5AB57F6C3}.Release|x86.ActiveCfg = Release|Win32
		{618C07CB-3968-4EC6-AF74-67C5AB57F6C3}.Release|x86.Build.0 = Release|Win32
		{618C07CB-3968-4EC6-AF74-67C5AB57F6C3}.UnicodeDebug|ARM.ActiveCfg = UnicodeDebug|Win32
		{618C07CB-3968-4EC6-AF74-67C5AB57F6C3}.UnicodeDebug|ARM64.ActiveCfg = UnicodeDebug|Win32
		{618C07CB-3968-4EC6-AF74-67C5AB57F6C3}.UnicodeDebug|x64.ActiveCfg = UnicodeDebug|Win32
		{618C07CB-3968-4EC6-AF74-67C5AB57F6C3}.UnicodeDebug|x86.ActiveCfg = UnicodeDebug|Win32
		{618C07CB-3968-4EC6-AF74-67C5AB57F6C3}.UnicodeDebug|x86.Build.0 = UnicodeDebug|Win32
		{618C07CB-3968-4EC6-AF74-67C5AB57F6C3}.UnicodeRelease|ARM.ActiveCfg = UnicodeRelease|Win32
		{618C07CB-3968-4EC6-AF74-67C5AB57F6C3}.UnicodeRelease|ARM64.ActiveCfg = UnicodeRelease|Win32
		{618C07CB-3968-4EC6-AF74-67C5AB57F6C3}.UnicodeRelease|x64.ActiveCfg = UnicodeRelease|Win32
		{618C07CB-3968-4EC6-AF74-67C5AB57F6C3}.UnicodeRelease|x86.ActiveCfg = UnicodeRelease|Win32
		{618C07CB-3968-4EC6-AF74-67C5AB57F6C3}.UnicodeRelease|x86.Build.0 = UnicodeRelease|Win32
		{CF7AC3D1-E2DF-41D2-BEA6-1E2556CDEA26}.Debug|ARM.ActiveCfg = Debug|Win32
		{CF7AC3D1-E2DF-41D2-BEA6-1E2556CDEA26}.Debug|ARM64.ActiveCfg = Debug|Win32
		{CF7AC3D1-E2DF-41D2-BEA6-1E2556CDEA26}.Debug|x64.ActiveCfg = Debug|x64
		{CF7AC3D1-E2DF-41D2-BEA6-1E2556CDEA26}.Debug|x64.Build.0 = Debug|x64
		{CF7AC3D1-E2DF-41D2-BEA6-1E2556CDEA26}.Debug|x86.ActiveCfg = Debug|Win32
		{CF7AC3D1-E2DF-41D2-BEA6-1E2556CDEA26}.Debug|x86.Build.0 = Debug|Win32
		{CF7AC3D1-E2DF-41D2-BEA6-1E2556CDEA26}.PGInstrument|ARM.ActiveCfg = PGInstrument|Win32
		{CF7AC3D1-E2DF-41D2-BEA6-1E2556CDEA26}.PGInstrument|ARM64.ActiveCfg = PGInstrument|Win32
		{CF7AC3D1-E2DF-41D2-BEA6-1E2556CDEA26}.PGInstrument|x64.ActiveCfg = PGInstrument|x64
		{CF7AC3D1-E2DF-41D2-BEA6-1E2556CDEA26}.PGInstrument|x64.Build.0 = PGInstrument|x64
		{CF7AC3D1-E2DF-41D2-BEA6-1E2556CDEA26}.PGInstrument|x86.ActiveCfg = PGInstrument|Win32
		{CF7AC3D1-E2DF-41D2-BEA6-1E2556CDEA26}.PGInstrument|x86.Build.0 = PGInstrument|Win32
		{CF7AC3D1-E2DF-41D2-BEA6-1E2556CDEA26}.PGUpdate|ARM.ActiveCfg = PGUpdate|Win32
		{CF7AC3D1-E2DF-41D2-BEA6-1E2556CDEA26}.PGUpdate|ARM64.ActiveCfg = PGUpdate|Win32
		{CF7AC3D1-E2DF-41D2-BEA6-1E2556CDEA26}.PGUpdate|x64.ActiveCfg = PGUpdate|x64
		{CF7AC3D1-E2DF-41D2-BEA6-1E2556CDEA26}.PGUpdate|x64.Build.0 = PGUpdate|x64
		{CF7AC3D1-E2DF-41D2-BEA6-1E2556CDEA26}.PGUpdate|x86.ActiveCfg = PGUpdate|Win32
		{CF7AC3D1-E2DF-41D2-BEA6-1E2556CDEA26}.PGUpdate|x86.Build.0 = PGUpdate|Win32
		{CF7AC3D1-E2DF-41D2-BEA6-1E2556CDEA26}.Release|ARM.ActiveCfg = Release|Win32
		{CF7AC3D1-E2DF-41D2-BEA6-1E2556CDEA26}.Release|ARM64.ActiveCfg = Release|Win32
		{CF7AC3D1-E2DF-41D2-BEA6-1E2556CDEA26}.Release|x64.ActiveCfg = Release|x64
		{CF7AC3D1-E2DF-41D2-BEA6-1E2556CDEA26}.Release|x64.Build.0 = Release|x64
		{CF7AC3D1-E2DF-41D2-BEA6-1E2556CDEA26}.Release|x86.ActiveCfg = Release|Win32
		{CF7AC3D1-E2DF-41D2-BEA6-1E2556CDEA26}.Release|x86.Build.0 = Release|Win32
		{CF7AC3D1-E2DF-41D2-BEA6-1E2556CDEA26}.UnicodeDebug|ARM.ActiveCfg = Release|Win32
		{CF7AC3D1-E2DF-41D2-BEA6-1E2556CDEA26}.UnicodeDebug|ARM.Build.0 = Release|Win32
		{CF7AC3D1-E2DF-41D2-BEA6-1E2556CDEA26}.UnicodeDebug|ARM64.ActiveCfg = Release|Win32
		{CF7AC3D1-E2DF-41D2-BEA6-1E2556CDEA26}.UnicodeDebug|ARM64.Build.0 = Release|Win32
		{CF7AC3D1-E2DF-41D2-BEA6-1E2556CDEA26}.UnicodeDebug|x64.ActiveCfg = Debug|x64
		{CF7AC3D1-E2DF-41D2-BEA6-1E2556CDEA26}.UnicodeDebug|x64.Build.0 = Debug|x64
		{CF7AC3D1-E2DF-41D2-BEA6-1E2556CDEA26}.UnicodeDebug|x86.ActiveCfg = Debug|Win32
		{CF7AC3D1-E2DF-41D2-BEA6-1E2556CDEA26}.UnicodeDebug|x86.Build.0 = Debug|Win32
		{CF7AC3D1-E2DF-41D2-BEA6-1E2556CDEA26}.UnicodeRelease|ARM.ActiveCfg = Release|Win32
		{CF7AC3D1-E2DF-41D2-BEA6-1E2556CDEA26}.UnicodeRelease|ARM.Build.0 = Release|Win32
		{CF7AC3D1-E2DF-41D2-BEA6-1E2556CDEA26}.UnicodeRelease|ARM64.ActiveCfg = Release|Win32
		{CF7AC3D1-E2DF-41D2-BEA6-1E2556CDEA26}.UnicodeRelease|ARM64.Build.0 = Release|Win32
		{CF7AC3D1-E2DF-41D2-BEA6-1E2556CDEA26}.UnicodeRelease|x64.ActiveCfg = Release|x64
		{CF7AC3D1-E2DF-41D2-BEA6-1E2556CDEA26}.UnicodeRelease|x64.Build.0 = Release|x64
		{CF7AC3D1-E2DF-41D2-BEA6-1E2556CDEA26}.UnicodeRelease|x86.ActiveCfg = Release|Win32
		{CF7AC3D1-E2DF-41D2-BEA6-1E2556CDEA26}.UnicodeRelease|x86.Build.0 = Release|Win32
		{60D90547-E744-4EEC-9213-478C5B91CF19}.Debug|ARM.ActiveCfg = Debug|ARM
		{60D90547-E744-4EEC-9213-478C5B91CF19}.Debug|ARM.Build.0 = Debug|ARM
		{60D90547-E744-4EEC-9213-478C5B91CF19}.Debug|ARM64.ActiveCfg = Debug|ARM64
		{60D90547-E744-4EEC-9213-478C5B91CF19}.Debug|ARM64.Build.0 = Debug|ARM64
		{60D90547-E744-4EEC-9213-478C5B91CF19}.Debug|x64.ActiveCfg = Debug|x64
		{60D90547-E744-4EEC-9213-478C5B91CF19}.Debug|x64.Build.0 = Debug|x64
		{60D90547-E744-4EEC-9213-478C5B91CF19}.Debug|x86.ActiveCfg = Debug|Win32
		{60D90547-E744-4EEC-9213-478C5B91CF19}.Debug|x86.Build.0 = Debug|Win32
		{60D90547-E744-4EEC-9213-478C5B91CF19}.PGInstrument|ARM.ActiveCfg = Release|ARM
		{60D90547-E744-4EEC-9213-478C5B91CF19}.PGInstrument|ARM.Build.0 = Release|ARM
		{60D90547-E744-4EEC-9213-478C5B91CF19}.PGInstrument|ARM64.ActiveCfg = Release|ARM64
		{60D90547-E744-4EEC-9213-478C5B91CF19}.PGInstrument|ARM64.Build.0 = Release|ARM64
		{60D90547-E744-4EEC-9213-478C5B91CF19}.PGInstrument|x64.ActiveCfg = Release|x64
		{60D90547-E744-4EEC-9213-478C5B91CF19}.PGInstrument|x64.Build.0 = Release|x64
		{60D90547-E744-4EEC-9213-478C5B91CF19}.PGInstrument|x86.ActiveCfg = Release|Win32
		{60D90547-E744-4EEC-9213-478C5B91CF19}.PGInstrument|x86.Build.0 = Release|Win32
		{60D90547-E744-4EEC-9213-478C5B91CF19}.PGUpdate|ARM.ActiveCfg = Release|ARM
		{60D90547-E744-4EEC-9213-478C5B91CF19}.PGUpdate|ARM.Build.0 = Release|ARM
		{60D90547-E744-4EEC-9213-478C5B91CF19}.PGUpdate|ARM64.ActiveCfg = Release|ARM64
		{60D90547-E744-4EEC-9213-478C5B91CF19}.PGUpdate|ARM64.Build.0 = Release|ARM64
		{60D90547-E744-4EEC-9213-478C5B91CF19}.PGUpdate|x64.ActiveCfg = Release|x64
		{60D90547-E744-4EEC-9213-478C5B91CF19}.PGUpdate|x64.Build.0 = Release|x64
		{60D90547-E744-4EEC-9213-478C5B91CF19}.PGUpdate|x86.ActiveCfg = Release|Win32
		{60D90547-E744-4EEC-9213-478C5B91CF19}.PGUpdate|x86.Build.0 = Release|Win32
		{60D90547-E744-4EEC-9213-478C5B91CF19}.Release|ARM.ActiveCfg = Release|ARM
		{60D90547-E744-4EEC-9213-478C5B91CF19}.Release|ARM.Build.0 = Release|ARM
		{60D90547-E744-4EEC-9213-478C5B91CF19}.Release|ARM64.ActiveCfg = Release|ARM64
		{60D90547-E744-4EEC-9213-478C5B91CF19}.Release|ARM64.Build.0 = Release|ARM64
		{60D90547-E744-4EEC-9213-478C5B91CF19}.Release|x64.ActiveCfg = Release|x64
		{60D90547-E744-4EEC-9213-478C5B91CF19}.Release|x64.Build.0 = Release|x64
		{60D90547-E744-4EEC-9213-478C5B91CF19}.Release|x86.ActiveCfg = Release|Win32
		{60D90547-E744-4EEC-9213-478C5B91CF19}.Release|x86.Build.0 = Release|Win32
		{60D90547-E744-4EEC-9213-478C5B91CF19}.UnicodeDebug|ARM.ActiveCfg = Debug|ARM
		{60D90547-E744-4EEC-9213-478C5B91CF19}.UnicodeDebug|ARM.Build.0 = Debug|ARM
		{60D90547-E744-4EEC-9213-478C5B91CF19}.UnicodeDebug|ARM64.ActiveCfg = Debug|ARM64
		{60D90547-E744-4EEC-9213-478C5B91CF19}.UnicodeDebug|ARM64.Build.0 = Debug|ARM64
		{60D90547-E744-4EEC-9213-478C5B91CF19}.UnicodeDebug|x64.ActiveCfg = Debug|x64
		{60D90547-E744-4EEC-9213-478C5B91CF19}.UnicodeDebug|x64.Build.0 = Debug|x64
		{60D90547-E744-4EEC-9213-478C5B91CF19}.UnicodeDebug|x86.ActiveCfg = Debug|Win32
		{60D90547-E744-4EEC-9213-478C5B91CF19}.UnicodeDebug|x86.Build.0 = Debug|Win32
		{60D90547-E744-4EEC-9213-478C5B91CF19}.UnicodeRelease|ARM.ActiveCfg = Release|ARM
		{60D90547-E744-4EEC-9213-478C5B91CF19}.UnicodeRelease|ARM.Build.0 = Release|ARM
		{60D90547-E744-4EEC-9213-478C5B91CF19}.UnicodeRelease|ARM64.ActiveCfg = Release|ARM64
		{60D90547-E744-4EEC-9213-478C5B91CF19}.UnicodeRelease|ARM64.Build.0 = Release|ARM64
		{60D90547-E744-4EEC-9213-478C5B91CF19}.UnicodeRelease|x64.ActiveCfg = Release|x64
		{60D90547-E744-4EEC-9213-478C5B91CF19}.UnicodeRelease|x64.Build.0 = Release|x64
		{60D90547-E744-4EEC-9213-478C5B91CF19}.UnicodeRelease|x86.ActiveCfg = Release|Win32
		{60D90547-E744-4EEC-9213-478C5B91CF19}.UnicodeRelease|x86.Build.0 = Release|Win32
		{14DFE42A-C3F2-4373-8307-D8C22494D58B}.Debug|ARM.ActiveCfg = Debug|Win32
		{14DFE42A-C3F2-4373-8307-D8C22494D58B}.Debug|ARM64.ActiveCfg = Debug|Win32
		{14DFE42A-C3F2-4373-8307-D8C22494D58B}.Debug|x64.ActiveCfg = Debug|x64
		{14DFE42A-C3F2-4373-8307-D8C22494D58B}.Debug|x64.Build.0 = Debug|x64
		{14DFE42A-C3F2-4373-8307-D8C22494D58B}.Debug|x86.ActiveCfg = Debug|Win32
		{14DFE42A-C3F2-4373-8307-D8C22494D58B}.Debug|x86.Build.0 = Debug|Win32
		{14DFE42A-C3F2-4373-8307-D8C22494D58B}.PGInstrument|ARM.ActiveCfg = Release|x64
		{14DFE42A-C3F2-4373-8307-D8C22494D58B}.PGInstrument|ARM.Build.0 = Release|x64
		{14DFE42A-C3F2-4373-8307-D8C22494D58B}.PGInstrument|ARM64.ActiveCfg = Release|x64
		{14DFE42A-C3F2-4373-8307-D8C22494D58B}.PGInstrument|ARM64.Build.0 = Release|x64
		{14DFE42A-C3F2-4373-8307-D8C22494D58B}.PGInstrument|x64.ActiveCfg = Release|x64
		{14DFE42A-C3F2-4373-8307-D8C22494D58B}.PGInstrument|x64.Build.0 = Release|x64
		{14DFE42A-C3F2-4373-8307-D8C22494D58B}.PGInstrument|x86.ActiveCfg = Release|Win32
		{14DFE42A-C3F2-4373-8307-D8C22494D58B}.PGInstrument|x86.Build.0 = Release|Win32
		{14DFE42A-C3F2-4373-8307-D8C22494D58B}.PGUpdate|ARM.ActiveCfg = Release|x64
		{14DFE42A-C3F2-4373-8307-D8C22494D58B}.PGUpdate|ARM.Build.0 = Release|x64
		{14DFE42A-C3F2-4373-8307-D8C22494D58B}.PGUpdate|ARM64.ActiveCfg = Release|x64
		{14DFE42A-C3F2-4373-8307-D8C22494D58B}.PGUpdate|ARM64.Build.0 = Release|x64
		{14DFE42A-C3F2-4373-8307-D8C22494D58B}.PGUpdate|x64.ActiveCfg = Release|x64
		{14DFE42A-C3F2-4373-8307-D8C22494D58B}.PGUpdate|x64.Build.0 = Release|x64
		{14DFE42A-C3F2-4373-8307-D8C22494D58B}.PGUpdate|x86.ActiveCfg = Release|Win32
		{14DFE42A-C3F2-4373-8307-D8C22494D58B}.PGUpdate|x86.Build.0 = Release|Win32
		{14DFE42A-C3F2-4373-8307-D8C22494D58B}.Release|ARM.ActiveCfg = Release|Win32
		{14DFE42A-C3F2-4373-8307-D8C22494D58B}.Release|ARM64.ActiveCfg = Release|Win32
		{14DFE42A-C3F2-4373-8307-D8C22494D58B}.Release|x64.ActiveCfg = Release|x64
		{14DFE42A-C3F2-4373-8307-D8C22494D58B}.Release|x64.Build.0 = Release|x64
		{14DFE42A-C3F2-4373-8307-D8C22494D58B}.Release|x86.ActiveCfg = Release|Win32
		{14DFE42A-C3F2-4373-8307-D8C22494D58B}.Release|x86.Build.0 = Release|Win32
		{14DFE42A-C3F2-4373-8307-D8C22494D58B}.UnicodeDebug|ARM.ActiveCfg = Release|x64
		{14DFE42A-C3F2-4373-8307-D8C22494D58B}.UnicodeDebug|ARM.Build.0 = Release|x64
		{14DFE42A-C3F2-4373-8307-D8C22494D58B}.UnicodeDebug|ARM64.ActiveCfg = Release|x64
		{14DFE42A-C3F2-4373-8307-D8C22494D58B}.UnicodeDebug|ARM64.Build.0 = Release|x64
		{14DFE42A-C3F2-4373-8307-D8C22494D58B}.UnicodeDebug|x64.ActiveCfg = Debug|x64
		{14DFE42A-C3F2-4373-8307-D8C22494D58B}.UnicodeDebug|x64.Build.0 = Debug|x64
		{14DFE42A-C3F2-4373-8307-D8C22494D58B}.UnicodeDebug|x86.ActiveCfg = Debug|Win32
		{14DFE42A-C3F2-4373-8307-D8C22494D58B}.UnicodeDebug|x86.Build.0 = Debug|Win32
		{14DFE42A-C3F2-4373-8307-D8C22494D58B}.UnicodeRelease|ARM.ActiveCfg = Release|x64
		{14DFE42A-C3F2-4373-8307-D8C22494D58B}.UnicodeRelease|ARM.Build.0 = Release|x64
		{14DFE42A-C3F2-4373-8307-D8C22494D58B}.UnicodeRelease|ARM64.ActiveCfg = Release|x64
		{14DFE42A-C3F2-4373-8307-D8C22494D58B}.UnicodeRelease|ARM64.Build.0 = Release|x64
		{14DFE42A-C3F2-4373-8307-D8C22494D58B}.UnicodeRelease|x64.ActiveCfg = Release|x64
		{14DFE42A-C3F2-4373-8307-D8C22494D58B}.UnicodeRelease|x64.Build.0 = Release|x64
		{14DFE42A-C3F2-4373-8307-D8C22494D58B}.UnicodeRelease|x86.ActiveCfg = Release|Win32
		{14DFE42A-C3F2-4373-8307-D8C22494D58B}.UnicodeRelease|x86.Build.0 = Release|Win32
		{5498301C-1411-4D6A-8667-5029AD7EE667}.Debug|ARM.ActiveCfg = Debug|Win32
		{5498301C-1411-4D6A-8667-5029AD7EE667}.Debug|ARM64.ActiveCfg = Debug|Win32
		{5498301C-1411-4D6A-8667-5029AD7EE667}.Debug|x64.ActiveCfg = Debug|x64
		{5498301C-1411-4D6A-8667-5029AD7EE667}.Debug|x64.Build.0 = Debug|x64
		{5498301C-1411-4D6A-8667-5029AD7EE667}.Debug|x86.ActiveCfg = Debug|Win32
		{5498301C-1411-4D6A-8667-5029AD7EE667}.Debug|x86.Build.0 = Debug|Win32
		{5498301C-1411-4D6A-8667-5029AD7EE667}.PGInstrument|ARM.ActiveCfg = Release|x64
		{5498301C-1411-4D6A-8667-5029AD7EE667}.PGInstrument|ARM.Build.0 = Release|x64
		{5498301C-1411-4D6A-8667-5029AD7EE667}.PGInstrument|ARM64.ActiveCfg = Release|x64
		{5498301C-1411-4D6A-8667-5029AD7EE667}.PGInstrument|ARM64.Build.0 = Release|x64
		{5498301C-1411-4D6A-8667-5029AD7EE667}.PGInstrument|x64.ActiveCfg = Release|x64
		{5498301C-1411-4D6A-8667-5029AD7EE667}.PGInstrument|x64.Build.0 = Release|x64
		{5498301C-1411-4D6A-8667-5029AD7EE667}.PGInstrument|x86.ActiveCfg = Release|Win32
		{5498301C-1411-4D6A-8667-5029AD7EE667}.PGInstrument|x86.Build.0 = Release|Win32
		{5498301C-1411-4D6A-8667-5029AD7EE667}.PGUpdate|ARM.ActiveCfg = Release|x64
		{5498301C-1411-4D6A-8667-5029AD7EE667}.PGUpdate|ARM.Build.0 = Release|x64
		{5498301C-1411-4D6A-8667-5029AD7EE667}.PGUpdate|ARM64.ActiveCfg = Release|x64
		{5498301C-1411-4D6A-8667-5029AD7EE667}.PGUpdate|ARM64.Build.0 = Release|x64
		{5498301C-1411-4D6A-8667-5029AD7EE667}.PGUpdate|x64.ActiveCfg = Release|x64
		{5498301C-1411-4D6A-8667-5029AD7EE667}.PGUpdate|x64.Build.0 = Release|x64
		{5498301C-1411-4D6A-8667-5029AD7EE667}.PGUpdate|x86.ActiveCfg = Release|Win32
		{5498301C-1411-4D6A-8667-5029AD7EE667}.PGUpdate|x86.Build.0 = Release|Win32
		{5498301C-1411-4D6A-8667-5029AD7EE667}.Release|ARM.ActiveCfg = Release|Win32
		{5498301C-1411-4D6A-8667-5029AD7EE667}.Release|ARM64.ActiveCfg = Release|Win32
		{5498301C-1411-4D6A-8667-5029AD7EE667}.Release|x64.ActiveCfg = Release|x64
		{5498301C-1411-4D6A-8667-5029AD7EE667}.Release|x64.Build.0 = Release|x64
		{5498301C-1411-4D6A-8667-5029AD7EE667}.Release|x86.ActiveCfg = Release|Win32
		{5498301C-1411-4D6A-8667-5029AD7EE667}.Release|x86.Build.0 = Release|Win32
		{5498301C-1411-4D6A-8667-5029AD7EE667}.UnicodeDebug|ARM.ActiveCfg = Release|x64
		{5498301C-1411-4D6A-8667-5029AD7EE667}.UnicodeDebug|ARM.Build.0 = Release|x64
		{5498301C-1411-4D6A-8667-5029AD7EE667}.UnicodeDebug|ARM64.ActiveCfg = Release|x64
		{5498301C-1411-4D6A-8667-5029AD7EE667}.UnicodeDebug|ARM64.Build.0 = Release|x64
		{5498301C-1411-4D6A-8667-5029AD7EE667}.UnicodeDebug|x64.ActiveCfg = Debug|x64
		{5498301C-1411-4D6A-8667-5029AD7EE667}.UnicodeDebug|x64.Build.0 = Debug|x64
		{5498301C-1411-4D6A-8667-5029AD7EE667}.UnicodeDebug|x86.ActiveCfg = Debug|Win32
		{5498301C-1411-4D6A-8667-5029AD7EE667}.UnicodeDebug|x86.Build.0 = Debug|Win32
		{5498301C-1411-4D6A-8667-5029AD7EE667}.UnicodeRelease|ARM.ActiveCfg = Release|x64
		{5498301C-1411-4D6A-8667-5029AD7EE667}.UnicodeRelease|ARM.Build.0 = Release|x64
		{5498301C-1411-4D6A-8667-5029AD7EE667}.UnicodeRelease|ARM64.ActiveCfg = Release|x64
		{5498301C-1411-4D6A-8667-5029AD7EE667}.UnicodeRelease|ARM64.Build.0 = Release|x64
		{5498301C-1411-4D6A-8667-5029AD7EE667}.UnicodeRelease|x64.ActiveCfg = Release|x64
		{5498301C-1411-4D6A-8667-5029AD7EE667}.UnicodeRelease|x64.Build.0 = Release|x64
		{5498301C-1411-4D6A-8667-5029AD7EE667}.UnicodeRelease|x86.ActiveCfg = Release|Win32
		{5498301C-1411-4D6A-8667-5029AD7EE667}.UnicodeRelease|x86.Build.0 = Release|Win32
	EndGlobalSection
	GlobalSection(SolutionProperties) = preSolution
		HideSolutionNode = FALSE
	EndGlobalSection
	GlobalSection(ExtensibilityGlobals) = postSolution
		SolutionGuid = {EEA9B776-1510-4A86-AE4C-CD6DCC3CA205}
	EndGlobalSection
EndGlobal
